# THIS IS AN AUTOGENERATED FILE. DO NOT EDIT THIS FILE DIRECTLY.
# yarn lockfile v1


"@bbva-web-components/bbva-amount@^9.14.0", "@bbva-web-components/bbva-amount@~9.14.0":
  version "9.14.0"
  resolved "https://globaldevtools.bbva.com:443/artifactory/api/npm/npm-repo/@bbva-web-components/bbva-amount/-/@bbva-web-components/bbva-amount-9.14.0.tgz#19d5eb8f33561c8742d92b49f3dbc79bb2a4db3a"
  integrity sha1-GdXrjzNWHIdC2StJ89vHm7Kk2zo=
  dependencies:
    "@bbva-web-components/bbva-component-configuration-mixin" "^1.0.0"
    "@bbva-web-components/bbva-core-amount-currency-mixin" "^1.0.0"
    "@bbva-web-components/bbva-core-amount-format-mixin" "^1.0.0"
    "@bbva-web-components/bbva-core-lit-helpers" "^1.0.0"
    "@bbva-web-components/bbva-foundations-styles" "^2.0.0"
    lit-element "^2.0.0"
    lit-html "^1.0.0"

"@bbva-web-components/bbva-badge-default@^5.0.0", "@bbva-web-components/bbva-badge-default@~5.2.2":
  version "5.2.2"
  resolved "https://globaldevtools.bbva.com:443/artifactory/api/npm/npm-repo/@bbva-web-components/bbva-badge-default/-/@bbva-web-components/bbva-badge-default-5.2.2.tgz#d7d88ea2072d70cd3e018508b2100a69fa638d24"
  integrity sha1-19iOogctcM0+AYUIshAKafpjjSQ=
  dependencies:
    "@bbva-web-components/bbva-component-configuration-mixin" "^1.2.1"
    "@bbva-web-components/bbva-core-intl-mixin" "^1.0.0"
    "@bbva-web-components/bbva-core-lit-helpers" "^1.0.0"
    "@bbva-web-components/bbva-foundations-styles" "^2.0.0"
    lit-element "^2.0.0"
    lit-html "^1.0.0"

"@bbva-web-components/bbva-badge-highlight@^1.5.4", "@bbva-web-components/bbva-badge-highlight@~1.5.3":
  version "1.5.4"
  resolved "https://globaldevtools.bbva.com:443/artifactory/api/npm/npm-repo/@bbva-web-components/bbva-badge-highlight/-/@bbva-web-components/bbva-badge-highlight-1.5.4.tgz#9deda40d744a666b468a767213b9e30d24e797fd"
  integrity sha1-ne2kDXRKZmtGinZyE7njDSTnl/0=
  dependencies:
    "@bbva-web-components/bbva-component-configuration-mixin" "^1.2.3"
    "@bbva-web-components/bbva-core-lit-helpers" "^1.0.0"
    "@bbva-web-components/bbva-foundations-styles" "^2.0.0"
    "@bbva-web-components/bbva-text" "^1.14.0"
    lit-element "^2.0.0"

"@bbva-web-components/bbva-badge-notification@^4.0.0":
  version "4.3.2"
  resolved "https://globaldevtools.bbva.com:443/artifactory/api/npm/npm-repo/@bbva-web-components/bbva-badge-notification/-/@bbva-web-components/bbva-badge-notification-4.3.2.tgz#ef6a5659bd893831cc746929543a01f23ae99590"
  integrity sha1-72pWWb2JODHMdGkpVDoB8jrplZA=
  dependencies:
    "@bbva-web-components/bbva-component-configuration-mixin" "^1.2.1"
    "@bbva-web-components/bbva-core-lit-helpers" "^1.0.0"
    "@bbva-web-components/bbva-foundations-styles" "^2.0.0"
    lit-element "^2.0.0"
    lit-html "^1.0.0"

"@bbva-web-components/bbva-badge-variability@^1.0.0":
  version "1.6.0"
  resolved "https://globaldevtools.bbva.com:443/artifactory/api/npm/npm-repo/@bbva-web-components/bbva-badge-variability/-/@bbva-web-components/bbva-badge-variability-1.6.0.tgz#ff170cfdf0f849027b0b4c4f23b4f2d2833e8103"
  integrity sha1-/xcM/fD4SQJ7C0xPI7Ty0oM+gQM=
  dependencies:
    "@bbva-web-components/bbva-component-configuration-mixin" "^1.2.1"
    "@bbva-web-components/bbva-core-icon" "^1.0.0"
    "@bbva-web-components/bbva-core-intl-mixin" "^1.0.0"
    "@bbva-web-components/bbva-core-lit-helpers" "^1.0.0"
    "@bbva-web-components/bbva-foundations-icons" "^1.0.0"
    "@bbva-web-components/bbva-foundations-styles" "^2.0.0"
    lit-element "^2.0.0"

"@bbva-web-components/bbva-button-default@^5.0.0", "@bbva-web-components/bbva-button-default@~5.10.3":
  version "5.10.4"
  resolved "https://globaldevtools.bbva.com:443/artifactory/api/npm/npm-repo/@bbva-web-components/bbva-button-default/-/@bbva-web-components/bbva-button-default-5.10.4.tgz#a0b9ae2d992a66a749d02ba879b718f63db8911c"
  integrity sha1-oLmuLZkqZqdJ0CuoebcY9j24kRw=
  dependencies:
    "@bbva-web-components/bbva-component-configuration-mixin" "^1.2.1"
    "@bbva-web-components/bbva-core-action" "^2.0.0"
    "@bbva-web-components/bbva-core-lit-helpers" "^1.0.0"
    "@bbva-web-components/bbva-foundations-styles" "^2.0.0"
    lit-element "^2.0.0"

"@bbva-web-components/bbva-button-icon@^4.12.2":
  version "4.12.2"
  resolved "https://globaldevtools.bbva.com:443/artifactory/api/npm/npm-repo/@bbva-web-components/bbva-button-icon/-/@bbva-web-components/bbva-button-icon-4.12.2.tgz#0ab1365d9293a59831db1a107491a820efb1aa6b"
  integrity sha1-CrE2XZKTpZgx2xoQdJGoIO+xqms=
  dependencies:
    "@bbva-web-components/bbva-component-configuration-mixin" "^1.2.1"
    "@bbva-web-components/bbva-core-action" "^2.0.0"
    "@bbva-web-components/bbva-core-icon" "^1.0.0"
    "@bbva-web-components/bbva-core-lit-helpers" "^1.0.0"
    "@bbva-web-components/bbva-foundations-styles" "^2.0.0"
    lit-element "^2.0.0"

"@bbva-web-components/bbva-clip-box@^4.0.0", "@bbva-web-components/bbva-clip-box@~4.5.2":
  version "4.5.2"
  resolved "https://globaldevtools.bbva.com:443/artifactory/api/npm/npm-repo/@bbva-web-components/bbva-clip-box/-/@bbva-web-components/bbva-clip-box-4.5.2.tgz#bf6e1233dde9fd98a9b099c9041c31b4493bd928"
  integrity sha1-v24SM93p/ZipsJnJBBwxtEk72Sg=
  dependencies:
    "@bbva-web-components/bbva-component-configuration-mixin" "^1.2.1"
    "@bbva-web-components/bbva-core-icon" "^1.0.0"
    "@bbva-web-components/bbva-core-intl-mixin" "^1.0.0"
    "@bbva-web-components/bbva-core-lit-helpers" "^1.0.0"
    "@bbva-web-components/bbva-foundations-styles" "^2.0.0"
    lit-element "^2.0.0"
    lit-html "^1.0.0"

"@bbva-web-components/bbva-clip-entities@^3.0.0", "@bbva-web-components/bbva-clip-entities@~3.19.2":
  version "3.19.2"
  resolved "https://globaldevtools.bbva.com:443/artifactory/api/npm/npm-repo/@bbva-web-components/bbva-clip-entities/-/@bbva-web-components/bbva-clip-entities-3.19.2.tgz#33b897dad2e4039efe26c267d7e138d720cc12bb"
  integrity sha1-M7iX2tLkA57+JsJn1+E41yDMErs=
  dependencies:
    "@bbva-web-components/bbva-component-configuration-mixin" "^1.2.1"
    "@bbva-web-components/bbva-core-icon" "^1.0.0"
    "@bbva-web-components/bbva-core-lit-helpers" "^1.0.0"
    "@bbva-web-components/bbva-foundations-entities" "^1.0.0"
    "@bbva-web-components/bbva-foundations-styles" "^2.0.0"
    lit-element "^2.0.0"

"@bbva-web-components/bbva-component-configuration-mixin@^1.0.0", "@bbva-web-components/bbva-component-configuration-mixin@^1.2.1", "@bbva-web-components/bbva-component-configuration-mixin@^1.2.2", "@bbva-web-components/bbva-component-configuration-mixin@^1.2.3":
  version "1.2.3"
  resolved "https://globaldevtools.bbva.com:443/artifactory/api/npm/npm-repo/@bbva-web-components/bbva-component-configuration-mixin/-/@bbva-web-components/bbva-component-configuration-mixin-1.2.3.tgz#5ccf1eacd8e9c73de90e9ff02184e7deeb6b77ca"
  integrity sha1-XM8erNjpxz3pDp/wIYTn3utrd8o=
  dependencies:
    "@bbva-web-components/bbva-core-lit-helpers" "^1.0.0"
    "@open-wc/scoped-elements" "^1.0.0"
    lit-element "^2.0.0"

"@bbva-web-components/bbva-core-action@^2.0.0":
  version "2.0.8"
  resolved "https://globaldevtools.bbva.com:443/artifactory/api/npm/npm-repo/@bbva-web-components/bbva-core-action/-/@bbva-web-components/bbva-core-action-2.0.8.tgz#a51e7b866cd5b3ea91d94340904dc016147dc96d"
  integrity sha1-pR57hmzVs+qR2UNAkE3AFhR9yW0=
  dependencies:
    "@bbva-web-components/bbva-core-delegate-attributes-mixin" "^1.1.7"
    "@bbva-web-components/bbva-core-focus-visible-mixin" "^1.0.17"
    "@bbva-web-components/bbva-core-lit-helpers" "^1.4.0"
    lit-element "^2.0.0"
    lit-html "^1.0.0"

"@bbva-web-components/bbva-core-amount-currency-mixin@^1.0.0":
  version "1.0.8"
  resolved "https://globaldevtools.bbva.com:443/artifactory/api/npm/npm-repo/@bbva-web-components/bbva-core-amount-currency-mixin/-/@bbva-web-components/bbva-core-amount-currency-mixin-1.0.8.tgz#3874437f144be438f99276f00e9ecb80efcbc000"
  integrity sha1-OHRDfxRL5Dj5knbwDp7LgO/LwAA=
  dependencies:
    "@bbva-web-components/bbva-core-amount-mixin" "^1.3.6"
    "@bbva-web-components/bbva-core-lit-helpers" "^1.4.0"

"@bbva-web-components/bbva-core-amount-format-mixin@^1.0.0":
  version "1.0.8"
  resolved "https://globaldevtools.bbva.com:443/artifactory/api/npm/npm-repo/@bbva-web-components/bbva-core-amount-format-mixin/-/@bbva-web-components/bbva-core-amount-format-mixin-1.0.8.tgz#c84b10aacd1358a81f8ca1c7d0b795c3c4a26c1e"
  integrity sha1-yEsQqs0TWKgfjKHH0LeVw8SibB4=
  dependencies:
    "@bbva-web-components/bbva-core-amount-mixin" "^1.3.6"
    "@bbva-web-components/bbva-core-lit-helpers" "^1.4.0"

"@bbva-web-components/bbva-core-amount-mixin@^1.0.0", "@bbva-web-components/bbva-core-amount-mixin@^1.3.6", "@bbva-web-components/bbva-core-amount-mixin@~1.3.6":
  version "1.3.6"
  resolved "https://globaldevtools.bbva.com:443/artifactory/api/npm/npm-repo/@bbva-web-components/bbva-core-amount-mixin/-/@bbva-web-components/bbva-core-amount-mixin-1.3.6.tgz#94de0b4bd65617ca07af92e604c7dd40f56d05a6"
  integrity sha1-lN4LS9ZWF8oHr5LmBMfdQPVtBaY=
  dependencies:
    "@bbva-web-components/bbva-core-lit-helpers" "^1.4.0"

"@bbva-web-components/bbva-core-delegate-attributes-mixin@^1.1.7":
  version "1.1.7"
  resolved "https://globaldevtools.bbva.com:443/artifactory/api/npm/npm-repo/@bbva-web-components/bbva-core-delegate-attributes-mixin/-/@bbva-web-components/bbva-core-delegate-attributes-mixin-1.1.7.tgz#466f6bff70221b204213281004f832e00b2f69dc"
  integrity sha1-Rm9r/3AiGyBCEygQBPgy4Asvadw=
  dependencies:
    "@bbva-web-components/bbva-core-lit-helpers" "^1.4.0"
    lit-element "^2.0.0"

"@bbva-web-components/bbva-core-focus-visible-mixin@^1.0.0", "@bbva-web-components/bbva-core-focus-visible-mixin@^1.0.17":
  version "1.0.17"
  resolved "https://globaldevtools.bbva.com:443/artifactory/api/npm/npm-repo/@bbva-web-components/bbva-core-focus-visible-mixin/-/@bbva-web-components/bbva-core-focus-visible-mixin-1.0.17.tgz#02f05f88d8a4687ebbfefcfa1577b706eb1247a6"
  integrity sha1-AvBfiNikaH67/vz6FXe3BusSR6Y=
  dependencies:
    "@bbva-web-components/bbva-core-lit-helpers" "^1.4.0"

"@bbva-web-components/bbva-core-generic-dp@^1.2.7":
  version "1.2.7"
  resolved "https://globaldevtools.bbva.com:443/artifactory/api/npm/npm-repo/@bbva-web-components/bbva-core-generic-dp/-/@bbva-web-components/bbva-core-generic-dp-1.2.7.tgz#267637b1b90921c6c5ad1c087fe21107438a1f6a"
  integrity sha1-JnY3sbkJIcbFrRwIf+IRB0OKH2o=
  dependencies:
    "@bbva-web-components/bbva-core-lit-helpers" "^1.4.0"
    lit-element "^2.0.0"
    rxjs "^6.5.2"

"@bbva-web-components/bbva-core-icon@^1.0.0", "@bbva-web-components/bbva-core-icon@~1.5.1":
  version "1.5.1"
  resolved "https://globaldevtools.bbva.com:443/artifactory/api/npm/npm-repo/@bbva-web-components/bbva-core-icon/-/@bbva-web-components/bbva-core-icon-1.5.1.tgz#151bc279f651db4a729e17423296f21f96288973"
  integrity sha1-FRvCefZR20pynhdCMpbyH5YoiXM=
  dependencies:
    "@bbva-web-components/bbva-core-lit-helpers" "^1.4.0"
    "@bbva-web-components/bbva-core-meta" "^1.2.5"
    lit-element "^2.0.0"

"@bbva-web-components/bbva-core-iconset@^1.0.0":
  version "1.1.22"
  resolved "https://globaldevtools.bbva.com:443/artifactory/api/npm/npm-repo/@bbva-web-components/bbva-core-iconset/-/@bbva-web-components/bbva-core-iconset-1.1.22.tgz#6ea85b13a98158f7b80cb91b499518a13d3a0416"
  integrity sha1-bqhbE6mBWPe4DLkbSZUYoT06BBY=
  dependencies:
    "@bbva-web-components/bbva-core-meta" "^1.2.5"
    lit-element "^2.0.0"

"@bbva-web-components/bbva-core-input@^1.0.0":
  version "1.2.18"
  resolved "https://globaldevtools.bbva.com:443/artifactory/api/npm/npm-repo/@bbva-web-components/bbva-core-input/-/@bbva-web-components/bbva-core-input-1.2.18.tgz#706753e60421ba926c93e2b2ce8dfa05477aa337"
  integrity sha1-cGdT5gQhupJsk+Kyzo36BUd6ozc=
  dependencies:
    "@bbva-web-components/bbva-core-delegate-attributes-mixin" "^1.1.7"
    "@bbva-web-components/bbva-core-focus-visible-mixin" "^1.0.17"
    "@bbva-web-components/bbva-core-lit-helpers" "^1.4.0"
    "@bbva-web-components/bbva-core-validatable-mixin" "^1.0.18"
    lit-element "^2.2.1"
    lit-html "^1.1.2"

"@bbva-web-components/bbva-core-intl-mixin@^1.0.0", "@bbva-web-components/bbva-core-intl-mixin@~1.2.10":
  version "1.2.10"
  resolved "https://globaldevtools.bbva.com:443/artifactory/api/npm/npm-repo/@bbva-web-components/bbva-core-intl-mixin/-/@bbva-web-components/bbva-core-intl-mixin-1.2.10.tgz#f59d13b18cbe8e3a0e9a9ba93f50fe5e490781e1"
  integrity sha1-9Z0TsYy+jjoOmpupP1D+XkkHgeE=
  dependencies:
    "@bbva-web-components/bbva-core-generic-dp" "^1.2.7"
    "@bbva-web-components/bbva-core-lit-helpers" "^1.4.0"
    intl-messageformat "~8.0.0"

"@bbva-web-components/bbva-core-lit-helpers@^1.0.0", "@bbva-web-components/bbva-core-lit-helpers@^1.4.0":
  version "1.4.0"
  resolved "https://globaldevtools.bbva.com:443/artifactory/api/npm/npm-repo/@bbva-web-components/bbva-core-lit-helpers/-/@bbva-web-components/bbva-core-lit-helpers-1.4.0.tgz#07df75e231a77c087eee3fa451fcf0d373a9a5a9"
  integrity sha1-B9914jGnfAh+7j+kUfzw03Oppak=
  dependencies:
    "@bbva-web-components/bbva-core-meta" "^1.2.5"
    "@webcomponents/shadycss" "^1.9.0"
    lit-element "^2.0.0"
    lit-html "^1.0.0"

"@bbva-web-components/bbva-core-meta@^1.0.0", "@bbva-web-components/bbva-core-meta@^1.2.5":
  version "1.2.5"
  resolved "https://globaldevtools.bbva.com:443/artifactory/api/npm/npm-repo/@bbva-web-components/bbva-core-meta/-/@bbva-web-components/bbva-core-meta-1.2.5.tgz#bd49114953fcdf1c95bba4d06028e914ab0d9fca"
  integrity sha1-vUkRSVP83xyVu6TQYCjpFKsNn8o=

"@bbva-web-components/bbva-core-modal@^1.0.0":
  version "1.5.3"
  resolved "https://globaldevtools.bbva.com:443/artifactory/api/npm/npm-repo/@bbva-web-components/bbva-core-modal/-/@bbva-web-components/bbva-core-modal-1.5.3.tgz#d73d9994818771fa406bc665412c862a0ec54c9c"
  integrity sha1-1z2ZlIGHcfpAa8ZlQSyGKg7FTJw=
  dependencies:
    "@bbva-web-components/bbva-core-lit-helpers" "^1.4.0"
    lit-element "^2.0.0"

"@bbva-web-components/bbva-core-scoping-ambients-shim@~1.0.4":
  version "1.0.4"
  resolved "https://globaldevtools.bbva.com:443/artifactory/api/npm/npm-repo/@bbva-web-components/bbva-core-scoping-ambients-shim/-/@bbva-web-components/bbva-core-scoping-ambients-shim-1.0.4.tgz#1c7b459d4575121da1a1ea0526aa6bfff53b2376"
  integrity sha1-HHtFnUV1Eh2hoeoFJqpr//U7I3Y=
  dependencies:
    "@webcomponents/shadycss" "^1.9.6"

"@bbva-web-components/bbva-core-validatable-mixin@^1.0.18":
  version "1.0.18"
  resolved "https://globaldevtools.bbva.com:443/artifactory/api/npm/npm-repo/@bbva-web-components/bbva-core-validatable-mixin/-/@bbva-web-components/bbva-core-validatable-mixin-1.0.18.tgz#2621e1280363447340c893b2bbeae0ce3cb31c06"
  integrity sha1-JiHhKANjRHNAyJOyu+rgzjyzHAY=
  dependencies:
    "@bbva-web-components/bbva-core-lit-helpers" "^1.4.0"
    "@bbva-web-components/bbva-core-meta" "^1.2.5"
    lit-element "^2.0.0"

"@bbva-web-components/bbva-disable-mixin@^1.0.0":
  version "1.1.0"
  resolved "https://globaldevtools.bbva.com:443/artifactory/api/npm/npm-repo/@bbva-web-components/bbva-disable-mixin/-/@bbva-web-components/bbva-disable-mixin-1.1.0.tgz#19d6bc7d4f8383cf178899efc5cf218d4824ce9e"
  integrity sha1-Gda8fU+Dg88XiJnvxc8hjUgkzp4=
  dependencies:
    "@bbva-web-components/bbva-core-lit-helpers" "^1.0.0"
    "@bbva-web-components/bbva-foundations-styles" "^2.0.0"
    lit-element "^2.0.0"

"@bbva-web-components/bbva-form-field@^4.24.3", "@bbva-web-components/bbva-form-field@~4.24.1":
  version "4.24.3"
  resolved "https://globaldevtools.bbva.com:443/artifactory/api/npm/npm-repo/@bbva-web-components/bbva-form-field/-/@bbva-web-components/bbva-form-field-4.24.3.tgz#bfd49d6d653f66378235e760b31c6e8f57a40fda"
  integrity sha1-v9SdbWU/ZjeCNedgsxxuj1ekD9o=
  dependencies:
    "@bbva-web-components/bbva-button-icon" "^4.12.2"
    "@bbva-web-components/bbva-component-configuration-mixin" "^1.2.3"
    "@bbva-web-components/bbva-core-icon" "^1.0.0"
    "@bbva-web-components/bbva-core-input" "^1.0.0"
    "@bbva-web-components/bbva-core-intl-mixin" "^1.0.0"
    "@bbva-web-components/bbva-core-lit-helpers" "^1.0.0"
    "@bbva-web-components/bbva-foundations-icons" "^1.0.0"
    "@bbva-web-components/bbva-foundations-styles" "^2.0.0"
    "@bbva-web-components/bbva-text" "^1.14.0"
    lit-element "^2.0.0"
    lit-html "^1.0.0"

"@bbva-web-components/bbva-form-password@~3.11.1":
  version "3.11.3"
  resolved "https://globaldevtools.bbva.com:443/artifactory/api/npm/npm-repo/@bbva-web-components/bbva-form-password/-/@bbva-web-components/bbva-form-password-3.11.3.tgz#5a80b0cd12ee1ec51d6a03d7e970ff6162203128"
  integrity sha1-WoCwzRLuHsUdagPX6XD/YWIgMSg=
  dependencies:
    "@bbva-web-components/bbva-button-icon" "^4.12.2"
    "@bbva-web-components/bbva-component-configuration-mixin" "^1.2.3"
    "@bbva-web-components/bbva-core-icon" "^1.0.0"
    "@bbva-web-components/bbva-core-intl-mixin" "^1.0.0"
    "@bbva-web-components/bbva-core-lit-helpers" "^1.0.0"
    "@bbva-web-components/bbva-form-field" "^4.24.3"
    "@bbva-web-components/bbva-foundations-icons" "^1.0.0"
    "@bbva-web-components/bbva-foundations-styles" "^2.0.0"
    "@bbva-web-components/bbva-text" "^1.14.0"
    lit-element "^2.0.0"
    lit-html "^1.0.0"

"@bbva-web-components/bbva-foundations-ellipsis@^1.0.0":
  version "1.0.0"
  resolved "https://globaldevtools.bbva.com:443/artifactory/api/npm/npm-repo/@bbva-web-components/bbva-foundations-ellipsis/-/@bbva-web-components/bbva-foundations-ellipsis-1.0.0.tgz#b11d60bcb579e001e0c7dee7c335ab8f83d4e2e3"
  integrity sha1-sR1gvLV54AHgx97nwzWrj4PU4uM=
  dependencies:
    lit-element "^2.0.0"

"@bbva-web-components/bbva-foundations-entities@^1.0.0":
  version "1.0.4"
  resolved "https://globaldevtools.bbva.com:443/artifactory/api/npm/npm-repo/@bbva-web-components/bbva-foundations-entities/-/@bbva-web-components/bbva-foundations-entities-1.0.4.tgz#bf06c5908583e53c80239d55eb60e46c078fd18e"
  integrity sha1-vwbFkIWD5TyAI51V62DkbAeP0Y4=
  dependencies:
    "@bbva-web-components/bbva-core-iconset" "^1.0.0"
    "@bbva-web-components/bbva-core-lit-helpers" "^1.0.0"

"@bbva-web-components/bbva-foundations-grid-utils@^0.2.0":
  version "0.2.0"
  resolved "https://globaldevtools.bbva.com:443/artifactory/api/npm/npm-repo/@bbva-web-components/bbva-foundations-grid-utils/-/@bbva-web-components/bbva-foundations-grid-utils-0.2.0.tgz#b8fa370ee8bf17c81f714dec0d6e9d56de7dd50e"
  integrity sha1-uPo3Dui/F8gfcU3sDW6dVt591Q4=
  dependencies:
    lit-element "^2.0.0"

"@bbva-web-components/bbva-foundations-icons@^1.0.0", "@bbva-web-components/bbva-foundations-icons@~1.10.0":
  version "1.10.0"
  resolved "https://globaldevtools.bbva.com:443/artifactory/api/npm/npm-repo/@bbva-web-components/bbva-foundations-icons/-/@bbva-web-components/bbva-foundations-icons-1.10.0.tgz#2bbf69c2d951484eef7a84fdec37b7e67a63f9c5"
  integrity sha1-K79pwtlRSE7veoT97De35npj+cU=
  dependencies:
    "@bbva-web-components/bbva-core-iconset" "^1.0.0"
    "@bbva-web-components/bbva-core-lit-helpers" "^1.0.0"

"@bbva-web-components/bbva-foundations-microillustrations@^5.0.0":
  version "5.3.0"
  resolved "https://globaldevtools.bbva.com:443/artifactory/api/npm/npm-repo/@bbva-web-components/bbva-foundations-microillustrations/-/@bbva-web-components/bbva-foundations-microillustrations-5.3.0.tgz#1083c6905d3ebed41374262c7083f5cb4a2dbb40"
  integrity sha1-EIPGkF0+vtQTdCYscIP1y0otu0A=
  dependencies:
    lit-element "^2.0.0"

"@bbva-web-components/bbva-foundations-photo-treatments@^1.0.20":
  version "1.0.20"
  resolved "https://globaldevtools.bbva.com:443/artifactory/api/npm/npm-repo/@bbva-web-components/bbva-foundations-photo-treatments/-/@bbva-web-components/bbva-foundations-photo-treatments-1.0.20.tgz#367bf7896d7dcc381e83d91d1e6c834efe24c6fd"
  integrity sha1-Nnv3iW19zDgeg9kdHmyDTv4kxv0=
  dependencies:
    "@bbva-web-components/bbva-core-lit-helpers" "^1.0.0"
    "@bbva-web-components/bbva-foundations-styles" "^2.8.2"
    "@bbva-web-components/bbva-foundations-tokens" "^1.4.0"
    lit-element "^2.0.0"

"@bbva-web-components/bbva-foundations-sass@~1.3.2":
  version "1.3.2"
  resolved "https://globaldevtools.bbva.com:443/artifactory/api/npm/npm-repo/@bbva-web-components/bbva-foundations-sass/-/@bbva-web-components/bbva-foundations-sass-1.3.2.tgz#579beaf6b92bbba644166231fc295e2bed4fec05"
  integrity sha1-V5vq9rkru6ZEFmIx/CleK+1P7AU=

"@bbva-web-components/bbva-foundations-styles@^2.0.0", "@bbva-web-components/bbva-foundations-styles@^2.8.2", "@bbva-web-components/bbva-foundations-styles@~2.8.3":
  version "2.8.3"
  resolved "https://globaldevtools.bbva.com:443/artifactory/api/npm/npm-repo/@bbva-web-components/bbva-foundations-styles/-/@bbva-web-components/bbva-foundations-styles-2.8.3.tgz#30e571bb491d91b51897727767c446a8e957690f"
  integrity sha1-MOVxu0kdkbUYl3J3Z8RGqOlXaQ8=
  dependencies:
    "@bbva-web-components/bbva-foundations-ellipsis" "^1.0.0"
    "@bbva-web-components/bbva-foundations-grid-utils" "^0.2.0"
    "@bbva-web-components/bbva-foundations-photo-treatments" "^1.0.20"
    "@bbva-web-components/bbva-foundations-tokens" "^1.4.0"
    "@bbva-web-components/bbva-foundations-tools" "^1.2.4"
    lit-element "^2.0.0"

"@bbva-web-components/bbva-foundations-theme@~2.4.3":
  version "2.4.3"
  resolved "https://globaldevtools.bbva.com:443/artifactory/api/npm/npm-repo/@bbva-web-components/bbva-foundations-theme/-/@bbva-web-components/bbva-foundations-theme-2.4.3.tgz#59830e8b9b7bc1765df1df1700d78d486cc62fcf"
  integrity sha1-WYMOi5t7wXZd8d8XANeNSGzGL88=
  dependencies:
    "@bbva-web-components/bbva-core-lit-helpers" "^1.0.0"
    "@bbva-web-components/bbva-foundations-styles" "^2.8.2"
    lit-element "^2.0.0"

"@bbva-web-components/bbva-foundations-tokens@^1.4.0":
  version "1.4.0"
  resolved "https://globaldevtools.bbva.com:443/artifactory/api/npm/npm-repo/@bbva-web-components/bbva-foundations-tokens/-/@bbva-web-components/bbva-foundations-tokens-1.4.0.tgz#2a088be0dbdc386752ad90c59315078fd1bf5307"
  integrity sha1-KgiL4NvcOGdSrZDFkxUHj9G/Uwc=

"@bbva-web-components/bbva-foundations-tools@^1.2.4":
  version "1.2.4"
  resolved "https://globaldevtools.bbva.com:443/artifactory/api/npm/npm-repo/@bbva-web-components/bbva-foundations-tools/-/@bbva-web-components/bbva-foundations-tools-1.2.4.tgz#9b708c2ff7e2ca23900c1675d7797af6fa1e2e24"
  integrity sha1-m3CML/fiyiOQDBZ113l69voeLiQ=
  dependencies:
    "@bbva-web-components/bbva-foundations-tokens" "^1.4.0"
    esm "^3.2.25"
    lit-element "^2.0.0"

"@bbva-web-components/bbva-header-main@^7.6.3", "@bbva-web-components/bbva-header-main@~7.6.1":
  version "7.6.3"
  resolved "https://globaldevtools.bbva.com:443/artifactory/api/npm/npm-repo/@bbva-web-components/bbva-header-main/-/@bbva-web-components/bbva-header-main-7.6.3.tgz#108986ca0168be7e5f9a2f25ae6f6fdf73d3a7ab"
  integrity sha1-EImGygFovn5fmi8lrm9v33PTp6s=
  dependencies:
    "@bbva-web-components/bbva-badge-notification" "^4.0.0"
    "@bbva-web-components/bbva-component-configuration-mixin" "^1.2.3"
    "@bbva-web-components/bbva-core-focus-visible-mixin" "^1.0.0"
    "@bbva-web-components/bbva-core-icon" "^1.0.0"
    "@bbva-web-components/bbva-core-intl-mixin" "^1.0.0"
    "@bbva-web-components/bbva-core-lit-helpers" "^1.0.0"
    "@bbva-web-components/bbva-foundations-microillustrations" "^5.0.0"
    "@bbva-web-components/bbva-foundations-styles" "^2.0.0"
    "@bbva-web-components/bbva-text" "^1.14.0"
    lit-element "^2.0.0"
    lit-html "^1.0.0"

"@bbva-web-components/bbva-help-modal@~4.6.11":
  version "4.6.12"
  resolved "https://globaldevtools.bbva.com:443/artifactory/api/npm/npm-repo/@bbva-web-components/bbva-help-modal/-/@bbva-web-components/bbva-help-modal-4.6.12.tgz#72f48272ade6f2484b9436c56ea3e758c3fc18f4"
  integrity sha1-cvSCcq3m8khLlDbFbqPnWMP8GPQ=
  dependencies:
    "@bbva-web-components/bbva-button-default" "^5.0.0"
    "@bbva-web-components/bbva-component-configuration-mixin" "^1.0.0"
    "@bbva-web-components/bbva-core-icon" "^1.0.0"
    "@bbva-web-components/bbva-core-intl-mixin" "^1.0.0"
    "@bbva-web-components/bbva-core-lit-helpers" "^1.0.0"
    "@bbva-web-components/bbva-core-modal" "^1.0.0"
    "@bbva-web-components/bbva-foundations-icons" "^1.0.0"
    "@bbva-web-components/bbva-foundations-styles" "^2.0.0"
    "@bbva-web-components/bbva-header-main" "^7.6.3"
    "@bbva-web-components/bbva-link" "^3.0.0"
    lit-element "^2.0.0"
    lit-html "^1.0.0"

"@bbva-web-components/bbva-link@^3.0.0", "@bbva-web-components/bbva-link@^3.10.3", "@bbva-web-components/bbva-link@~3.10.3":
  version "3.10.3"
  resolved "https://globaldevtools.bbva.com:443/artifactory/api/npm/npm-repo/@bbva-web-components/bbva-link/-/@bbva-web-components/bbva-link-3.10.3.tgz#6ca254c35d4121e9f304af316aecf65f7902efc1"
  integrity sha1-bKJUw11BIenzBK8xauz2X3kC78E=
  dependencies:
    "@bbva-web-components/bbva-component-configuration-mixin" "^1.2.2"
    "@bbva-web-components/bbva-core-action" "^2.0.0"
    "@bbva-web-components/bbva-core-icon" "^1.0.0"
    "@bbva-web-components/bbva-core-lit-helpers" "^1.0.0"
    "@bbva-web-components/bbva-foundations-styles" "^2.0.0"
    lit-element "^2.0.0"
    lit-html "^1.0.0"

"@bbva-web-components/bbva-list-info@~3.4.1":
  version "3.4.1"
  resolved "https://globaldevtools.bbva.com:443/artifactory/api/npm/npm-repo/@bbva-web-components/bbva-list-info/-/@bbva-web-components/bbva-list-info-3.4.1.tgz#166c9afaacdc9322eb2b8a04c2f5dd6472315719"
  integrity sha1-Fmya+qzckyLrK4oEwvXdZHIxVxk=
  dependencies:
    "@bbva-web-components/bbva-component-configuration-mixin" "^1.2.1"
    "@bbva-web-components/bbva-core-icon" "^1.0.0"
    "@bbva-web-components/bbva-core-lit-helpers" "^1.0.0"
    "@bbva-web-components/bbva-foundations-styles" "^2.0.0"
    lit-element "^2.0.0"

"@bbva-web-components/bbva-list-movement@^5.7.4":
  version "5.7.4"
  resolved "https://globaldevtools.bbva.com:443/artifactory/api/npm/npm-repo/@bbva-web-components/bbva-list-movement/-/@bbva-web-components/bbva-list-movement-5.7.4.tgz#f0c3f2051d6a1d1acf6dbde6997b35e5b7580f19"
  integrity sha1-8MPyBR1qHRrPbb3mmXs15bdYDxk=
  dependencies:
    "@bbva-web-components/bbva-amount" "^9.14.0"
    "@bbva-web-components/bbva-badge-default" "^5.0.0"
    "@bbva-web-components/bbva-badge-highlight" "^1.5.4"
    "@bbva-web-components/bbva-clip-box" "^4.0.0"
    "@bbva-web-components/bbva-clip-entities" "^3.0.0"
    "@bbva-web-components/bbva-component-configuration-mixin" "^1.2.3"
    "@bbva-web-components/bbva-core-amount-mixin" "^1.0.0"
    "@bbva-web-components/bbva-core-icon" "^1.0.0"
    "@bbva-web-components/bbva-core-intl-mixin" "^1.0.0"
    "@bbva-web-components/bbva-core-lit-helpers" "^1.0.0"
    "@bbva-web-components/bbva-foundations-icons" "^1.0.0"
    "@bbva-web-components/bbva-foundations-styles" "^2.0.0"
    "@bbva-web-components/bbva-link" "^3.10.3"
    lit-element "^2.0.0"
    lit-html "^1.0.0"

"@bbva-web-components/bbva-list-simple@~6.7.3":
  version "6.7.4"
  resolved "https://globaldevtools.bbva.com:443/artifactory/api/npm/npm-repo/@bbva-web-components/bbva-list-simple/-/@bbva-web-components/bbva-list-simple-6.7.4.tgz#84e8e28d16554a9b5d4e012e4ec75124cb1bdbd1"
  integrity sha1-hOjijRZVSptdTgEuTsdRJMsb29E=
  dependencies:
    "@bbva-web-components/bbva-amount" "^9.14.0"
    "@bbva-web-components/bbva-badge-variability" "^1.0.0"
    "@bbva-web-components/bbva-component-configuration-mixin" "^1.2.3"
    "@bbva-web-components/bbva-core-amount-currency-mixin" "^1.0.0"
    "@bbva-web-components/bbva-core-amount-format-mixin" "^1.0.0"
    "@bbva-web-components/bbva-core-focus-visible-mixin" "^1.0.0"
    "@bbva-web-components/bbva-core-icon" "^1.0.0"
    "@bbva-web-components/bbva-core-intl-mixin" "^1.0.0"
    "@bbva-web-components/bbva-core-lit-helpers" "^1.0.0"
    "@bbva-web-components/bbva-disable-mixin" "^1.0.0"
    "@bbva-web-components/bbva-foundations-styles" "^2.0.0"
    "@bbva-web-components/bbva-link" "^3.0.0"
    "@bbva-web-components/bbva-text" "^1.14.0"
    lit-element "^2.0.0"
    lit-html "^1.0.0"

"@bbva-web-components/bbva-text@^1.14.0":
  version "1.14.0"
  resolved "https://globaldevtools.bbva.com:443/artifactory/api/npm/npm-repo/@bbva-web-components/bbva-text/-/@bbva-web-components/bbva-text-1.14.0.tgz#76040ec4e006361c68c5af5643c01edad647a660"
  integrity sha1-dgQOxOAGNhxoxa9WQ8Ae2tZHpmA=
  dependencies:
    "@bbva-web-components/bbva-component-configuration-mixin" "^1.2.3"
    "@bbva-web-components/bbva-core-intl-mixin" "^1.0.0"
    "@bbva-web-components/bbva-core-lit-helpers" "^1.0.0"
    "@bbva-web-components/bbva-foundations-ellipsis" "^1.0.0"
    "@bbva-web-components/bbva-foundations-styles" "^2.0.0"
    lit-element "^2.0.0"
    lit-html "^1.0.0"

"@cells-components/cells-app-drawer@^0.2.8":
  version "0.2.8"
  resolved "https://globaldevtools.bbva.com:443/artifactory/api/npm/npm-repo/@cells-components/cells-app-drawer/-/@cells-components/cells-app-drawer-0.2.8.tgz#8402efbfc4173635065a4d17f06d2ce77910b398"
  integrity sha1-hALvv8QXNjUGWk0X8G0s53kQs5g=
  dependencies:
    "@cells-components/cells-lit-helpers" "^1.3.2"
    "@cells-components/cells-media-query" "^1.0.43"
    "@cells-components/cells-resizable-mixin" "^1.0.31"
    "@cells-components/cells-selector" "^1.0.0"
    lit-element "^2.0.0"

"@cells-components/cells-icon@^2.1.0":
  version "2.1.0"
  resolved "https://globaldevtools.bbva.com:443/artifactory/api/npm/npm-repo/@cells-components/cells-icon/-/@cells-components/cells-icon-2.1.0.tgz#dbfbdcbccb459c90beb5f98c60f6eb254d4921fe"
  integrity sha1-2/vcvMtFnJC+tfmMYPbrJU1JIf4=
  dependencies:
    "@cells-components/cells-iron-meta" "^1.0.44"
    "@cells-components/cells-lit-helpers" "^1.3.2"
    lit-element "^2.0.1"

"@cells-components/cells-iconset-svg@^1.2.22":
  version "1.2.22"
  resolved "https://globaldevtools.bbva.com:443/artifactory/api/npm/npm-repo/@cells-components/cells-iconset-svg/-/@cells-components/cells-iconset-svg-1.2.22.tgz#0ebb12ada00f6d9070e7c911de36108615d1e3b6"
  integrity sha1-DrsSraAPbZBw58kR3jYQhhXR47Y=
  dependencies:
    "@cells-components/cells-iron-meta" "^1.0.44"
    lit-element "^2.0.1"

"@cells-components/cells-iron-meta@^1.0.44":
  version "1.0.44"
  resolved "https://globaldevtools.bbva.com:443/artifactory/api/npm/npm-repo/@cells-components/cells-iron-meta/-/@cells-components/cells-iron-meta-1.0.44.tgz#fd42c127bf2ff71bc757fde7dc018f770db1d0cd"
  integrity sha1-/ULBJ78v9xvHV/3n3AGPdw2x0M0=
  dependencies:
    "@bbva-web-components/bbva-core-meta" "^1.0.0"
    "@cells-components/cells-lit-helpers" "^1.3.2"
    lit-element "^2.0.1"

"@cells-components/cells-lit-helpers@^1.0.0", "@cells-components/cells-lit-helpers@^1.3.2":
  version "1.3.2"
  resolved "https://globaldevtools.bbva.com:443/artifactory/api/npm/npm-repo/@cells-components/cells-lit-helpers/-/@cells-components/cells-lit-helpers-1.3.2.tgz#468a74617c70bce3e9d5c764cf3f3028f93e1414"
  integrity sha1-Rop0YXxwvOPp1cdkzz8wKPk+FBQ=
  dependencies:
    "@bbva-web-components/bbva-core-lit-helpers" "^1.0.0"
    "@webcomponents/shadycss" "^1.9.0"
    lit-html "^1.0.0"

"@cells-components/cells-media-query@^1.0.43":
  version "1.0.43"
  resolved "https://globaldevtools.bbva.com:443/artifactory/api/npm/npm-repo/@cells-components/cells-media-query/-/@cells-components/cells-media-query-1.0.43.tgz#0ab115fdd8f4a46a5a02856c3f1f1ee23dc85a11"
  integrity sha1-CrEV/dj0pGpaAoVsPx8e4j3IWhE=
  dependencies:
    lit-element "^2.0.0"

"@cells-components/cells-paper-scroll-header-panel@^0.2.8":
  version "0.2.8"
  resolved "https://globaldevtools.bbva.com:443/artifactory/api/npm/npm-repo/@cells-components/cells-paper-scroll-header-panel/-/@cells-components/cells-paper-scroll-header-panel-0.2.8.tgz#181e0704dd393e3c817c9c0f69459e4805f50c44"
  integrity sha1-GB4HBN05PjyBfJwPaUWeSAX1DEQ=
  dependencies:
    "@cells-components/cells-lit-helpers" "^1.3.2"
    "@cells-components/cells-resizable-mixin" "^1.0.31"
    lit-element "^2.0.0"
    lit-html "^1.0.0"

"@cells-components/cells-resizable-mixin@^1.0.31":
  version "1.0.31"
  resolved "https://globaldevtools.bbva.com:443/artifactory/api/npm/npm-repo/@cells-components/cells-resizable-mixin/-/@cells-components/cells-resizable-mixin-1.0.31.tgz#261d2c4a39436e0516cd72b6730d55ed725637b5"
  integrity sha1-Jh0sSjlDbgUWzXK2cw1V7XJWN7U=
  dependencies:
    "@cells-components/cells-lit-helpers" "^1.3.2"
    lit-element "^2.0.0"

"@cells-components/cells-selector@^1.0.0":
  version "1.0.7"
  resolved "https://globaldevtools.bbva.com:443/artifactory/api/npm/npm-repo/@cells-components/cells-selector/-/@cells-components/cells-selector-1.0.7.tgz#2a926c21b44c8009c611929911f87f36e5e78da2"
  integrity sha1-KpJsIbRMgAnGEZKZEfh/NuXnjaI=
  dependencies:
    "@cells-components/cells-lit-helpers" "^1.0.0"
    lit-element "^2.0.0"

"@cells-components/cells-skeleton-group@^2.0.7":
  version "2.0.7"
  resolved "https://globaldevtools.bbva.com:443/artifactory/api/npm/npm-repo/@cells-components/cells-skeleton-group/-/@cells-components/cells-skeleton-group-2.0.7.tgz#f2866950ab1ffbf2ef953b5701025737c7d3d1f5"
  integrity sha1-8oZpUKsf+/LvlTtXAQJXN8fT0fU=
  dependencies:
    "@cells-components/cells-lit-helpers" "^1.3.2"
    "@cells-components/cells-skeleton-item" "^2.0.7"
    lit-element "^2.0.1"

"@cells-components/cells-skeleton-item@^2.0.7":
  version "2.0.7"
  resolved "https://globaldevtools.bbva.com:443/artifactory/api/npm/npm-repo/@cells-components/cells-skeleton-item/-/@cells-components/cells-skeleton-item-2.0.7.tgz#29c67a0c179de965dc1ba2876b8a8ae1520e3949"
  integrity sha1-KcZ6DBed6WXcG6KHa4qK4VIOOUk=
  dependencies:
    "@cells-components/cells-lit-helpers" "^1.3.2"
    lit-element "^2.0.1"

"@cells-components/cells-skeleton-loading-page@~2.0.7":
  version "2.0.7"
  resolved "https://globaldevtools.bbva.com:443/artifactory/api/npm/npm-repo/@cells-components/cells-skeleton-loading-page/-/@cells-components/cells-skeleton-loading-page-2.0.7.tgz#14d2d7cbb8798569414831398bfcb18ef552f0fb"
  integrity sha1-FNLXy7h5hWlBSDE5i/yxjvVS8Ps=
  dependencies:
    "@cells-components/cells-lit-helpers" "^1.3.2"
    "@cells-components/cells-skeleton-group" "^2.0.7"
    lit-element "^2.0.1"

"@cells-components/cells-template-animation-mixin@^0.1.17":
  version "0.1.17"
  resolved "https://globaldevtools.bbva.com:443/artifactory/api/npm/npm-repo/@cells-components/cells-template-animation-mixin/-/@cells-components/cells-template-animation-mixin-0.1.17.tgz#5779aad12c2f22b92e8b612f419d2a6705e1f5ed"
  integrity sha1-V3mq0SwvIrkui2EvQZ0qZwXh9e0=
  dependencies:
    "@cells-components/cells-lit-helpers" "^1.3.2"
    lit-element "^2.0.0"

"@cells-components/cells-template-paper-drawer-panel@~2.0.14":
  version "2.0.14"
  resolved "https://globaldevtools.bbva.com:443/artifactory/api/npm/npm-repo/@cells-components/cells-template-paper-drawer-panel/-/@cells-components/cells-template-paper-drawer-panel-2.0.14.tgz#baf3f73255b1e05d202d34dd875b643c6b2a1c3a"
  integrity sha1-uvP3MlWx4F0gLTTdh1tkPGsqHDo=
  dependencies:
    "@cells-components/cells-app-drawer" "^0.2.8"
    "@cells-components/cells-lit-helpers" "^1.3.2"
    "@cells-components/cells-paper-scroll-header-panel" "^0.2.8"
    "@cells-components/cells-template-animation-mixin" "^0.1.17"
    lit-element "^2.0.0"

"@cells-components/coronita-icons@~1.0.67":
  version "1.0.67"
  resolved "https://globaldevtools.bbva.com:443/artifactory/api/npm/npm-repo/@cells-components/coronita-icons/-/@cells-components/coronita-icons-1.0.67.tgz#093667e5e1c6187ac88f014b4ab35a17b06473e3"
  integrity sha1-CTZn5eHGGHrIjwFLSrNaF7Bkc+M=
  dependencies:
    "@cells-components/cells-icon" "^2.1.0"
    "@cells-components/cells-iconset-svg" "^1.2.22"

"@cells/cells-bridge@~3.17.0":
  version "3.17.1"
  resolved "https://globaldevtools.bbva.com:443/artifactory/api/npm/npm-repo/@cells/cells-bridge/-/@cells/cells-bridge-3.17.1.tgz#d744b0f629bc7df7d14855e06db7affa4df434e1"
  integrity sha1-10Sw9im8fffRSFXgbbev+k30NOE=
  dependencies:
    cells-semaas-adapter "2.2.0-rc.1"
    es5-dot-prop "^4.1.1"
    rxjs "^6.4.0"

"@cells/cells-element@~1.3.3":
  version "1.3.3"
  resolved "https://globaldevtools.bbva.com:443/artifactory/api/npm/npm-repo/@cells/cells-element/-/@cells/cells-element-1.3.3.tgz#6aa9894c4c0195a204e3b3c302b3d5017f08a027"
  integrity sha1-aqmJTEwBlaIE47PDArPVAX8IoCc=
  dependencies:
    lit-element "^2.0.0"

"@cells/cells-page@~1.3.1":
  version "1.3.1"
  resolved "https://globaldevtools.bbva.com:443/artifactory/api/npm/npm-repo/@cells/cells-page/-/@cells/cells-page-1.3.1.tgz#f9800d6cd481df030d420ac5e297b571fb90e967"
  integrity sha1-+YANbNSB3wMNQgrF4pe1cfuQ6Wc=
  dependencies:
    "@cells/cells-element" "~1.3.3"
    lit-element "^2.0.0"

"@formatjs/intl-unified-numberformat@^3.3.3":
  version "3.3.7"
  resolved "https://globaldevtools.bbva.com:443/artifactory/api/npm/npm-repo/@formatjs/intl-unified-numberformat/-/intl-unified-numberformat-3.3.7.tgz#9995a24568908188e716d81a1de5b702b2ee00e2"
  integrity sha1-mZWiRWiQgYjnFtgaHeW3ArLuAOI=
  dependencies:
    "@formatjs/intl-utils" "^2.3.0"

"@formatjs/intl-utils@^2.3.0":
  version "2.3.0"
  resolved "https://globaldevtools.bbva.com:443/artifactory/api/npm/npm-repo/@formatjs/intl-utils/-/intl-utils-2.3.0.tgz#2dc8c57044de0340eb53a7ba602e59abf80dc799"
  integrity sha1-LcjFcETeA0DrU6e6YC5Zq/gNx5k=

"@open-wc/dedupe-mixin@^1.3.0":
  version "1.3.0"
  resolved "https://globaldevtools.bbva.com:443/artifactory/api/npm/npm-repo/@open-wc/dedupe-mixin/-/dedupe-mixin-1.3.0.tgz#0df5d438285fc3482838786ee81895318f0ff778"
  integrity sha1-DfXUOChfw0goOHhu6BiVMY8P93g=

"@open-wc/lit-helpers@~0.3.0":
  version "0.3.12"
  resolved "https://globaldevtools.bbva.com:443/artifactory/api/npm/npm-repo/@open-wc/lit-helpers/-/lit-helpers-0.3.12.tgz#11bf0731185a88ca50ed740908e91fd4436ba69d"
  integrity sha1-Eb8HMRhaiMpQ7XQJCOkf1ENrpp0=

"@open-wc/scoped-elements@^1.0.0":
  version "1.3.4"
  resolved "https://globaldevtools.bbva.com:443/artifactory/api/npm/npm-repo/@open-wc/scoped-elements/-/scoped-elements-1.3.4.tgz#96e27e13c8b09668ee631e9fccd5623a05af5cc2"
  integrity sha1-luJ+E8iwlmjuYx6fzNViOgWvXMI=
  dependencies:
    "@open-wc/dedupe-mixin" "^1.3.0"
    lit-html "^1.0.0"

"@webcomponents/shadycss@^1.9.0", "@webcomponents/shadycss@^1.9.6":
  version "1.11.0"
  resolved "https://globaldevtools.bbva.com:443/artifactory/api/npm/npm-repo/@webcomponents/shadycss/-/shadycss-1.11.0.tgz#73e289996c002d8be694cd3be0e83c46ad25e7e0"
  integrity sha1-c+KJmWwALYvmlM074Og8Rq0l5+A=

"@webcomponents/webcomponentsjs@~2.4.4":
  version "2.4.4"
  resolved "https://globaldevtools.bbva.com:443/artifactory/api/npm/npm-repo/@webcomponents/webcomponentsjs/-/webcomponentsjs-2.4.4.tgz#14b7e78da47f8f0071ff96c35335b871534179bc"
  integrity sha1-FLfnjaR/jwBx/5bDUzW4cVNBebw=

cells-app-template@~6.0.0:
  version "6.0.0"
  resolved "https://globaldevtools.bbva.com:443/artifactory/api/npm/npm-repo/cells-app-template/-/cells-app-template-6.0.0.tgz#fbec9c2309b54f3486109a1610dc2a6f37177c05"
  integrity sha1-++ycIwm1TzSGEJoWENwqbzcXfAU=

cells-semaas-adapter@2.2.0-rc.1:
  version "2.2.0-rc.1"
  resolved "https://globaldevtools.bbva.com:443/artifactory/api/npm/npm-repo/cells-semaas-adapter/-/cells-semaas-adapter-2.2.0-rc.1.tgz#932d57ceae97929b258a26479caeee81964b996d"
  integrity sha1-ky1Xzq6XkpsliiZHnK7ugZZLmW0=

es5-dot-prop@^4.1.1:
  version "4.1.1"
  resolved "https://globaldevtools.bbva.com:443/artifactory/api/npm/npm-repo/es5-dot-prop/-/es5-dot-prop-4.1.1.tgz#72102153eabb3740d66b735da616e2dd9be5737b"
  integrity sha1-chAhU+q7N0DWa3Ndphbi3Zvlc3s=
  dependencies:
    is-obj "^1.0.0"

esm@^3.2.25:
  version "3.2.25"
  resolved "https://globaldevtools.bbva.com:443/artifactory/api/npm/npm-repo/esm/-/esm-3.2.25.tgz#342c18c29d56157688ba5ce31f8431fbb795cc10"
  integrity sha1-NCwYwp1WFXaIulzjH4Qx+7eVzBA=

intl-format-cache@^4.2.21:
  version "4.3.1"
  resolved "https://globaldevtools.bbva.com:443/artifactory/api/npm/npm-repo/intl-format-cache/-/intl-format-cache-4.3.1.tgz#484d31a9872161e6c02139349b259a6229ade377"
  integrity sha1-SE0xqYchYebAITk0myWaYimt43c=

intl-messageformat-parser@^4.0.0:
  version "4.1.4"
  resolved "https://globaldevtools.bbva.com:443/artifactory/api/npm/npm-repo/intl-messageformat-parser/-/intl-messageformat-parser-4.1.4.tgz#98f3415e6990d44bebf2e0ad8e4cfbacf3ef5ed3"
  integrity sha1-mPNBXmmQ1Evr8uCtjkz7rPPvXtM=
  dependencies:
    "@formatjs/intl-unified-numberformat" "^3.3.3"

intl-messageformat@~8.0.0:
  version "8.0.0"
  resolved "https://globaldevtools.bbva.com:443/artifactory/api/npm/npm-repo/intl-messageformat/-/intl-messageformat-8.0.0.tgz#eb4fe90059288d60b48156e95a2abcdd14d492f1"
  integrity sha1-60/pAFkojWC0gVbpWiq83RTUkvE=
  dependencies:
    intl-format-cache "^4.2.21"
    intl-messageformat-parser "^4.0.0"

is-obj@^1.0.0:
  version "1.0.1"
  resolved "https://globaldevtools.bbva.com:443/artifactory/api/npm/npm-repo/is-obj/-/is-obj-1.0.1.tgz#3e4729ac1f5fde025cd7d83a896dab9f4f67db0f"
  integrity sha1-PkcprB9f3gJc19g6iW2rn09n2w8=

lit-element@^2.0.0, lit-element@^2.0.1, lit-element@^2.2.1:
  version "2.5.1"
  resolved "https://globaldevtools.bbva.com:443/artifactory/api/npm/npm-repo/lit-element/-/lit-element-2.5.1.tgz#3fa74b121a6cd22902409ae3859b7847d01aa6b6"
  integrity sha1-P6dLEhps0ikCQJrjhZt4R9AaprY=
  dependencies:
    lit-html "^1.1.1"

lit-html@^1.0.0, lit-html@^1.1.1, lit-html@^1.1.2:
  version "1.4.1"
  resolved "https://globaldevtools.bbva.com:443/artifactory/api/npm/npm-repo/lit-html/-/lit-html-1.4.1.tgz#0c6f3ee4ad4eb610a49831787f0478ad8e9ae5e0"
  integrity sha1-DG8+5K1OthCkmDF4fwR4rY6a5eA=

rxjs@^6.4.0, rxjs@^6.5.2:
  version "6.6.7"
  resolved "https://globaldevtools.bbva.com:443/artifactory/api/npm/npm-repo/rxjs/-/rxjs-6.6.7.tgz#90ac018acabf491bf65044235d5863c4dab804c9"
  integrity sha1-kKwBisq/SRv2UEQjXVhjxNq4BMk=
  dependencies:
    tslib "^1.9.0"

tslib@^1.9.0:
  version "1.14.1"
  resolved "https://globaldevtools.bbva.com:443/artifactory/api/npm/npm-repo/tslib/-/tslib-1.14.1.tgz#cf2d38bdc34a134bcaf1091c41f6619e2f672d00"
  integrity sha1-zy04vcNKE0vK8QkcQfZhni9nLQA=
